Microsoft Visual Studio Solution File, Format Version 12.00
# Visual Studio Version 17
VisualStudioVersion = 17.9.34728.123
MinimumVisualStudioVersion = 10.0.40219.1
Project("{9A19103F-16F7-4668-BE54-9A1E7A4F7556}") = "Eaf.Template.Bff.Host", "src\Eaf.Template.Bff.Host\Eaf.Template.Bff.Host.csproj", "{D482909E-3BD0-428C-9E0E-788E4E72ADA4}"
EndProject
Project("{9A19103F-16F7-4668-BE54-9A1E7A4F7556}") = "Eaf.Template.Bff.Core", "src\Eaf.Template.Bff.Core\Eaf.Template.Bff.Core.csproj", "{CD1F4C2D-C1BB-449A-98EF-E53165F335CA}"
EndProject
Project("{9A19103F-16F7-4668-BE54-9A1E7A4F7556}") = "Eaf.Template.Bff.Proxy", "src\Eaf.Template.Bff.Proxy\Eaf.Template.Bff.Proxy.csproj", "{7441F04F-21B8-4F9C-9596-5EE4709AC3E1}"
EndProject
Project("{2150E333-8FDC-42A3-9474-1A3956D46DE8}") = "src", "src", "{0EF9CBB9-EE37-4BB1-B2B3-827770964200}"
EndProject
Project("{2150E333-8FDC-42A3-9474-1A3956D46DE8}") = "Solution Items", "Solution Items", "{5475E570-C58A-428D-91B8-25A777EBDA59}"
	ProjectSection(SolutionItems) = preProject
		dockerfile = dockerfile
		dockerfile.sonar = dockerfile.sonar
		README.md = README.md
		sonar-project.properties = sonar-project.properties
	EndProjectSection
EndProject
Global
	GlobalSection(SolutionConfigurationPlatforms) = preSolution
		Debug|Any CPU = Debug|Any CPU
		Release|Any CPU = Release|Any CPU
	EndGlobalSection
	GlobalSection(ProjectConfigurationPlatforms) = postSolution
		{D482909E-3BD0-428C-9E0E-788E4E72ADA4}.Debug|Any CPU.ActiveCfg = Debug|Any CPU
		{D482909E-3BD0-428C-9E0E-788E4E72ADA4}.Debug|Any CPU.Build.0 = Debug|Any CPU
		{D482909E-3BD0-428C-9E0E-788E4E72ADA4}.Release|Any CPU.ActiveCfg = Release|Any CPU
		{D482909E-3BD0-428C-9E0E-788E4E72ADA4}.Release|Any CPU.Build.0 = Release|Any CPU
		{CD1F4C2D-C1BB-449A-98EF-E53165F335CA}.Debug|Any CPU.ActiveCfg = Debug|Any CPU
		{CD1F4C2D-C1BB-449A-98EF-E53165F335CA}.Debug|Any CPU.Build.0 = Debug|Any CPU
		{CD1F4C2D-C1BB-449A-98EF-E53165F335CA}.Release|Any CPU.ActiveCfg = Release|Any CPU
		{CD1F4C2D-C1BB-449A-98EF-E53165F335CA}.Release|Any CPU.Build.0 = Release|Any CPU
		{7441F04F-21B8-4F9C-9596-5EE4709AC3E1}.Debug|Any CPU.ActiveCfg = Debug|Any CPU
		{7441F04F-21B8-4F9C-9596-5EE4709AC3E1}.Debug|Any CPU.Build.0 = Debug|Any CPU
		{7441F04F-21B8-4F9C-9596-5EE4709AC3E1}.Release|Any CPU.ActiveCfg = Release|Any CPU
		{7441F04F-21B8-4F9C-9596-5EE4709AC3E1}.Release|Any CPU.Build.0 = Release|Any CPU
	EndGlobalSection
	GlobalSection(SolutionProperties) = preSolution
		HideSolutionNode = FALSE
	EndGlobalSection
	GlobalSection(NestedProjects) = preSolution
		{D482909E-3BD0-428C-9E0E-788E4E72ADA4} = {0EF9CBB9-EE37-4BB1-B2B3-827770964200}
		{CD1F4C2D-C1BB-449A-98EF-E53165F335CA} = {0EF9CBB9-EE37-4BB1-B2B3-827770964200}
		{7441F04F-21B8-4F9C-9596-5EE4709AC3E1} = {0EF9CBB9-EE37-4BB1-B2B3-827770964200}
	EndGlobalSection
	GlobalSection(ExtensibilityGlobals) = postSolution
		SolutionGuid = {B50FF5FD-FAC3-4A5A-9886-CB4FBDB17FE3}
	EndGlobalSection
EndGlobal
